
Microsoft Visual Studio Solution File, Format Version 12.00
# Visual Studio 2012
Project("{FAE04EC0-301F-11D3-BF4B-00C04F79EFBC}") = "GDG_SP", "GDG_SP.csproj", "{DB0793DE-B78F-4E91-8173-084A6C5E1865}"
EndProject
Global
	GlobalSection(SolutionConfigurationPlatforms) = preSolution
		Debug|Any CPU = Debug|Any CPU
		Release|Any CPU = Release|Any CPU
	EndGlobalSection
	GlobalSection(ProjectConfigurationPlatforms) = postSolution
		{DB0793DE-B78F-4E91-8173-084A6C5E1865}.Debug|Any CPU.ActiveCfg = Debug|Any CPU
		{DB0793DE-B78F-4E91-8173-084A6C5E1865}.Debug|Any CPU.Build.0 = Debug|Any CPU
		{DB0793DE-B78F-4E91-8173-084A6C5E1865}.Release|Any CPU.ActiveCfg = Release|Any CPU
		{DB0793DE-B78F-4E91-8173-084A6C5E1865}.Release|Any CPU.Build.0 = Release|Any CPU
	EndGlobalSection
EndGlobal
